// !$*UTF8*$!
{
	archiveVersion = 1;
	classes = {
	};
	objectVersion = 46;
	objects = {

/* Begin PBXBuildFile section */
		555F02DC138EFC0C001652A8 /* Cocoa.framework in Frameworks */ = {isa = PBXBuildFile; fileRef = 555F02DB138EFC0C001652A8 /* Cocoa.framework */; };
		555F02DE138EFC0C001652A8 /* ScreenSaver.framework in Frameworks */ = {isa = PBXBuildFile; fileRef = 555F02DD138EFC0C001652A8 /* ScreenSaver.framework */; };
		555F02E8138EFC0C001652A8 /* InfoPlist.strings in Resources */ = {isa = PBXBuildFile; fileRef = 555F02E6138EFC0C001652A8 /* InfoPlist.strings */; };
		555F02EB138EFC0C001652A8 /* Can_Of_WormsView.h in Headers */ = {isa = PBXBuildFile; fileRef = 555F02EA138EFC0C001652A8 /* Can_Of_WormsView.h */; };
		555F02ED138EFC0C001652A8 /* Can_Of_WormsView.m in Sources */ = {isa = PBXBuildFile; fileRef = 555F02EC138EFC0C001652A8 /* Can_Of_WormsView.m */; };
		555F02F6138EFC57001652A8 /* 1.aif in Resources */ = {isa = PBXBuildFile; fileRef = 555F02F3138EFC57001652A8 /* 1.aif */; };
		555F02F7138EFC57001652A8 /* 2.aif in Resources */ = {isa = PBXBuildFile; fileRef = 555F02F4138EFC57001652A8 /* 2.aif */; };
		555F02F8138EFC57001652A8 /* 3.aif in Resources */ = {isa = PBXBuildFile; fileRef = 555F02F5138EFC57001652A8 /* 3.aif */; };
		555F030B138F41E4001652A8 /* COWWorm.h in Headers */ = {isa = PBXBuildFile; fileRef = 555F0309138F41E4001652A8 /* COWWorm.h */; };
		555F030C138F41E4001652A8 /* COWWorm.m in Sources */ = {isa = PBXBuildFile; fileRef = 555F030A138F41E4001652A8 /* COWWorm.m */; };
/* End PBXBuildFile section */

/* Begin PBXFileReference section */
		555F02D8138EFC0C001652A8 /* Can Of Worms.saver */ = {isa = PBXFileReference; explicitFileType = wrapper.cfbundle; includeInIndex = 0; path = "Can Of Worms.saver"; sourceTree = BUILT_PRODUCTS_DIR; };
		555F02DB138EFC0C001652A8 /* Cocoa.framework */ = {isa = PBXFileReference; lastKnownFileType = wrapper.framework; name = Cocoa.framework; path = System/Library/Frameworks/Cocoa.framework; sourceTree = SDKROOT; };
		555F02DD138EFC0C001652A8 /* ScreenSaver.framework */ = {isa = PBXFileReference; lastKnownFileType = wrapper.framework; name = ScreenSaver.framework; path = System/Library/Frameworks/ScreenSaver.framework; sourceTree = SDKROOT; };
		555F02E0138EFC0C001652A8 /* AppKit.framework */ = {isa = PBXFileReference; lastKnownFileType = wrapper.framework; name = AppKit.framework; path = System/Library/Frameworks/AppKit.framework; sourceTree = SDKROOT; };
		555F02E1138EFC0C001652A8 /* CoreData.framework */ = {isa = PBXFileReference; lastKnownFileType = wrapper.framework; name = CoreData.framework; path = System/Library/Frameworks/CoreData.framework; sourceTree = SDKROOT; };
		555F02E2138EFC0C001652A8 /* Foundation.framework */ = {isa = PBXFileReference; lastKnownFileType = wrapper.framework; name = Foundation.framework; path = System/Library/Frameworks/Foundation.framework; sourceTree = SDKROOT; };
		555F02E5138EFC0C001652A8 /* Can Of Worms-Info.plist */ = {isa = PBXFileReference; lastKnownFileType = text.plist.xml; path = "Can Of Worms-Info.plist"; sourceTree = "<group>"; };
		555F02E7138EFC0C001652A8 /* en */ = {isa = PBXFileReference; lastKnownFileType = text.plist.strings; name = en; path = en.lproj/InfoPlist.strings; sourceTree = "<group>"; };
		555F02E9138EFC0C001652A8 /* Can Of Worms-Prefix.pch */ = {isa = PBXFileReference; lastKnownFileType = sourcecode.c.h; path = "Can Of Worms-Prefix.pch"; sourceTree = "<group>"; };
		555F02EA138EFC0C001652A8 /* Can_Of_WormsView.h */ = {isa = PBXFileReference; lastKnownFileType = sourcecode.c.h; path = Can_Of_WormsView.h; sourceTree = "<group>"; };
		555F02EC138EFC0C001652A8 /* Can_Of_WormsView.m */ = {isa = PBXFileReference; lastKnownFileType = sourcecode.c.objc; path = Can_Of_WormsView.m; sourceTree = "<group>"; };
		555F02F3138EFC57001652A8 /* 1.aif */ = {isa = PBXFileReference; lastKnownFileType = file; path = 1.aif; sourceTree = "<group>"; };
		555F02F4138EFC57001652A8 /* 2.aif */ = {isa = PBXFileReference; lastKnownFileType = file; path = 2.aif; sourceTree = "<group>"; };
		555F02F5138EFC57001652A8 /* 3.aif */ = {isa = PBXFileReference; lastKnownFileType = file; path = 3.aif; sourceTree = "<group>"; };
		555F0309138F41E4001652A8 /* COWWorm.h */ = {isa = PBXFileReference; fileEncoding = 4; lastKnownFileType = sourcecode.c.h; path = COWWorm.h; sourceTree = "<group>"; };
		555F030A138F41E4001652A8 /* COWWorm.m */ = {isa = PBXFileReference; fileEncoding = 4; lastKnownFileType = sourcecode.c.objc; path = COWWorm.m; sourceTree = "<group>"; };
/* End PBXFileReference section */

/* Begin PBXFrameworksBuildPhase section */
		555F02D3138EFC0C001652A8 /* Frameworks */ = {
			isa = PBXFrameworksBuildPhase;
			buildActionMask = 2147483647;
			files = (
				555F02DC138EFC0C001652A8 /* Cocoa.framework in Frameworks */,
				555F02DE138EFC0C001652A8 /* ScreenSaver.framework in Frameworks */,
			);
			runOnlyForDeploymentPostprocessing = 0;
		};
/* End PBXFrameworksBuildPhase section */

/* Begin PBXGroup section */
		555F02CB138EFC0C001652A8 = {
			isa = PBXGroup;
			children = (
				555F02E3138EFC0C001652A8 /* Can Of Worms */,
				555F02DA138EFC0C001652A8 /* Frameworks */,
				555F02D9138EFC0C001652A8 /* Products */,
			);
			sourceTree = "<group>";
		};
		555F02D9138EFC0C001652A8 /* Products */ = {
			isa = PBXGroup;
			children = (
				555F02D8138EFC0C001652A8 /* Can Of Worms.saver */,
			);
			name = Products;
			sourceTree = "<group>";
		};
		555F02DA138EFC0C001652A8 /* Frameworks */ = {
			isa = PBXGroup;
			children = (
				555F02DB138EFC0C001652A8 /* Cocoa.framework */,
				555F02DD138EFC0C001652A8 /* ScreenSaver.framework */,
				555F02DF138EFC0C001652A8 /* Other Frameworks */,
			);
			name = Frameworks;
			sourceTree = "<group>";
		};
		555F02DF138EFC0C001652A8 /* Other Frameworks */ = {
			isa = PBXGroup;
			children = (
				555F02E0138EFC0C001652A8 /* AppKit.framework */,
				555F02E1138EFC0C001652A8 /* CoreData.framework */,
				555F02E2138EFC0C001652A8 /* Foundation.framework */,
			);
			name = "Other Frameworks";
			sourceTree = "<group>";
		};
		555F02E3138EFC0C001652A8 /* Can Of Worms */ = {
			isa = PBXGroup;
			children = (
				555F02EA138EFC0C001652A8 /* Can_Of_WormsView.h */,
				555F02EC138EFC0C001652A8 /* Can_Of_WormsView.m */,
				555F0309138F41E4001652A8 /* COWWorm.h */,
				555F030A138F41E4001652A8 /* COWWorm.m */,
				555F02E4138EFC0C001652A8 /* Supporting Files */,
			);
			path = "Can Of Worms";
			sourceTree = "<group>";
		};
		555F02E4138EFC0C001652A8 /* Supporting Files */ = {
			isa = PBXGroup;
			children = (
				555F02F3138EFC57001652A8 /* 1.aif */,
				555F02F4138EFC57001652A8 /* 2.aif */,
				555F02F5138EFC57001652A8 /* 3.aif */,
				555F02E5138EFC0C001652A8 /* Can Of Worms-Info.plist */,
				555F02E6138EFC0C001652A8 /* InfoPlist.strings */,
				555F02E9138EFC0C001652A8 /* Can Of Worms-Prefix.pch */,
			);
			name = "Supporting Files";
			sourceTree = "<group>";
		};
/* End PBXGroup section */

/* Begin PBXHeadersBuildPhase section */
		555F02D4138EFC0C001652A8 /* Headers */ = {
			isa = PBXHeadersBuildPhase;
			buildActionMask = 2147483647;
			files = (
				555F02EB138EFC0C001652A8 /* Can_Of_WormsView.h in Headers */,
				555F030B138F41E4001652A8 /* COWWorm.h in Headers */,
			);
			runOnlyForDeploymentPostprocessing = 0;
		};
/* End PBXHeadersBuildPhase section */

/* Begin PBXNativeTarget section */
		555F02D7138EFC0C001652A8 /* Can Of Worms */ = {
			isa = PBXNativeTarget;
			buildConfigurationList = 555F02F0138EFC0C001652A8 /* Build configuration list for PBXNativeTarget "Can Of Worms" */;
			buildPhases = (
				555F02D2138EFC0C001652A8 /* Sources */,
				555F02D3138EFC0C001652A8 /* Frameworks */,
				555F02D4138EFC0C001652A8 /* Headers */,
				555F02D5138EFC0C001652A8 /* Resources */,
				555F02D6138EFC0C001652A8 /* Rez */,
			);
			buildRules = (
			);
			dependencies = (
			);
			name = "Can Of Worms";
			productName = "Can Of Worms";
			productReference = 555F02D8138EFC0C001652A8 /* Can Of Worms.saver */;
			productType = "com.apple.product-type.bundle";
		};
/* End PBXNativeTarget section */

/* Begin PBXProject section */
		555F02CD138EFC0C001652A8 /* Project object */ = {
			isa = PBXProject;
			buildConfigurationList = 555F02D0138EFC0C001652A8 /* Build configuration list for PBXProject "Can Of Worms" */;
			compatibilityVersion = "Xcode 3.2";
			developmentRegion = English;
			hasScannedForEncodings = 0;
			knownRegions = (
				en,
			);
			mainGroup = 555F02CB138EFC0C001652A8;
			productRefGroup = 555F02D9138EFC0C001652A8 /* Products */;
			projectDirPath = "";
			projectRoot = "";
			targets = (
				555F02D7138EFC0C001652A8 /* Can Of Worms */,
			);
		};
/* End PBXProject section */

/* Begin PBXResourcesBuildPhase section */
		555F02D5138EFC0C001652A8 /* Resources */ = {
			isa = PBXResourcesBuildPhase;
			buildActionMask = 2147483647;
			files = (
				555F02E8138EFC0C001652A8 /* InfoPlist.strings in Resources */,
				555F02F6138EFC57001652A8 /* 1.aif in Resources */,
				555F02F7138EFC57001652A8 /* 2.aif in Resources */,
				555F02F8138EFC57001652A8 /* 3.aif in Resources */,
			);
			runOnlyForDeploymentPostprocessing = 0;
		};
/* End PBXResourcesBuildPhase section */

/* Begin PBXRezBuildPhase section */
		555F02D6138EFC0C001652A8 /* Rez */ = {
			isa = PBXRezBuildPhase;
			buildActionMask = 2147483647;
			files = (
			);
			runOnlyForDeploymentPostprocessing = 0;
		};
/* End PBXRezBuildPhase section */

/* Begin PBXSourcesBuildPhase section */
		555F02D2138EFC0C001652A8 /* Sources */ = {
			isa = PBXSourcesBuildPhase;
			buildActionMask = 2147483647;
			files = (
				555F02ED138EFC0C001652A8 /* Can_Of_WormsView.m in Sources */,
				555F030C138F41E4001652A8 /* COWWorm.m in Sources */,
			);
			runOnlyForDeploymentPostprocessing = 0;
		};
/* End PBXSourcesBuildPhase section */

/* Begin PBXVariantGroup section */
		555F02E6138EFC0C001652A8 /* InfoPlist.strings */ = {
			isa = PBXVariantGroup;
			children = (
				555F02E7138EFC0C001652A8 /* en */,
			);
			name = InfoPlist.strings;
			sourceTree = "<group>";
		};
/* End PBXVariantGroup section */

/* Begin XCBuildConfiguration section */
		555F02EE138EFC0C001652A8 /* Debug */ = {
			isa = XCBuildConfiguration;
			buildSettings = {
				ARCHS = "$(ARCHS_STANDARD_32_64_BIT)";
				GCC_C_LANGUAGE_STANDARD = gnu99;
				GCC_ENABLE_OBJC_GC = supported;
				GCC_OPTIMIZATION_LEVEL = 0;
				GCC_PREPROCESSOR_DEFINITIONS = DEBUG;
				GCC_SYMBOLS_PRIVATE_EXTERN = NO;
				GCC_VERSION = com.apple.compilers.llvm.clang.1_0;
				GCC_WARN_64_TO_32_BIT_CONVERSION = YES;
				GCC_WARN_ABOUT_RETURN_TYPE = YES;
				GCC_WARN_UNUSED_VARIABLE = YES;
				MACOSX_DEPLOYMENT_TARGET = 10.6;
				ONLY_ACTIVE_ARCH = YES;
				SDKROOT = macosx;
			};
			name = Debug;
		};
		555F02EF138EFC0C001652A8 /* Release */ = {
			isa = XCBuildConfiguration;
			buildSettings = {
				ARCHS = "$(ARCHS_STANDARD_32_64_BIT)";
				GCC_C_LANGUAGE_STANDARD = gnu99;
				GCC_ENABLE_OBJC_GC = supported;
				GCC_VERSION = com.apple.compilers.llvm.clang.1_0;
				GCC_WARN_64_TO_32_BIT_CONVERSION = YES;
				GCC_WARN_ABOUT_RETURN_TYPE = YES;
				GCC_WARN_UNUSED_VARIABLE = YES;
				MACOSX_DEPLOYMENT_TARGET = 10.6;
				SDKROOT = macosx;
			};
			name = Release;
		};
		555F02F1138EFC0C001652A8 /* Debug */ = {
			isa = XCBuildConfiguration;
			buildSettings = {
				ALWAYS_SEARCH_USER_PATHS = NO;
				COPY_PHASE_STRIP = NO;
				GCC_DYNAMIC_NO_PIC = NO;
				GCC_ENABLE_OBJC_EXCEPTIONS = YES;
				GCC_PRECOMPILE_PREFIX_HEADER = YES;
				GCC_PREFIX_HEADER = "Can Of Worms/Can Of Worms-Prefix.pch";
				INFOPLIST_FILE = "Can Of Worms/Can Of Worms-Info.plist";
				INSTALL_PATH = "$(HOME)/Library/Screen Savers";
				PRODUCT_NAME = "$(TARGET_NAME)";
				WRAPPER_EXTENSION = saver;
			};
			name = Debug;
		};
		555F02F2138EFC0C001652A8 /* Release */ = {
			isa = XCBuildConfiguration;
			buildSettings = {
				ALWAYS_SEARCH_USER_PATHS = NO;
				COPY_PHASE_STRIP = YES;
				DEBUG_INFORMATION_FORMAT = "dwarf-with-dsym";
				GCC_ENABLE_OBJC_EXCEPTIONS = YES;
				GCC_PRECOMPILE_PREFIX_HEADER = YES;
				GCC_PREFIX_HEADER = "Can Of Worms/Can Of Worms-Prefix.pch";
				INFOPLIST_FILE = "Can Of Worms/Can Of Worms-Info.plist";
				INSTALL_PATH = "$(HOME)/Library/Screen Savers";
				PRODUCT_NAME = "$(TARGET_NAME)";
				WRAPPER_EXTENSION = saver;
			};
			name = Release;
		};
/* End XCBuildConfiguration section */

/* Begin XCConfigurationList section */
		555F02D0138EFC0C001652A8 /* Build configuration list for PBXProject "Can Of Worms" */ = {
			isa = XCConfigurationList;
			buildConfigurations = (
				555F02EE138EFC0C001652A8 /* Debug */,
				555F02EF138EFC0C001652A8 /* Release */,
			);
			defaultConfigurationIsVisible = 0;
			defaultConfigurationName = Release;
		};
		555F02F0138EFC0C001652A8 /* Build configuration list for PBXNativeTarget "Can Of Worms" */ = {
			isa = XCConfigurationList;
			buildConfigurations = (
				555F02F1138EFC0C001652A8 /* Debug */,
				555F02F2138EFC0C001652A8 /* Release */,
			);
			defaultConfigurationIsVisible = 0;
		};
/* End XCConfigurationList section */
	};
	rootObject = 555F02CD138EFC0C001652A8 /* Project object */;
}
